
Microsoft Visual Studio Solution File, Format Version 12.00
# Visual Studio Version 17
VisualStudioVersion = 17.3.32922.545
MinimumVisualStudioVersion = 10.0.40219.1
Project("{FAE04EC0-301F-11D3-BF4B-00C04F79EFBC}") = "Nakheel_API", "Nakheel_API\Nakheel_API.csproj", "{73D4621F-5894-429E-B8B4-F398E34EAE12}"
EndProject
Project("{FAE04EC0-301F-11D3-BF4B-00C04F79EFBC}") = "BUSINESS_LOGIC", "BUSINESS_LOGIC\BUSINESS_LOGIC.csproj", "{5D4CE75F-86B1-46E9-8878-AB99A061BDFE}"
EndProject
Project("{FAE04EC0-301F-11D3-BF4B-00C04F79EFBC}") = "IBUSINESS_LOGIC", "IBUSINESS_LOGIC\IBUSINESS_LOGIC.csproj", "{D8D89A43-6010-4905-870B-D1861B04DD67}"
EndProject
Project("{FAE04EC0-301F-11D3-BF4B-00C04F79EFBC}") = "MODELS", "MODELS\MODELS.csproj", "{9CBBDEBF-89EC-4824-A4B1-8372EC12F631}"
EndProject
Global
	GlobalSection(SolutionConfigurationPlatforms) = preSolution
		Debug|Any CPU = Debug|Any CPU
		Release|Any CPU = Release|Any CPU
	EndGlobalSection
	GlobalSection(ProjectConfigurationPlatforms) = postSolution
		{73D4621F-5894-429E-B8B4-F398E34EAE12}.Debug|Any CPU.ActiveCfg = Debug|Any CPU
		{73D4621F-5894-429E-B8B4-F398E34EAE12}.Debug|Any CPU.Build.0 = Debug|Any CPU
		{73D4621F-5894-429E-B8B4-F398E34EAE12}.Release|Any CPU.ActiveCfg = Release|Any CPU
		{73D4621F-5894-429E-B8B4-F398E34EAE12}.Release|Any CPU.Build.0 = Release|Any CPU
		{5D4CE75F-86B1-46E9-8878-AB99A061BDFE}.Debug|Any CPU.ActiveCfg = Debug|Any CPU
		{5D4CE75F-86B1-46E9-8878-AB99A061BDFE}.Debug|Any CPU.Build.0 = Debug|Any CPU
		{5D4CE75F-86B1-46E9-8878-AB99A061BDFE}.Release|Any CPU.ActiveCfg = Release|Any CPU
		{5D4CE75F-86B1-46E9-8878-AB99A061BDFE}.Release|Any CPU.Build.0 = Release|Any CPU
		{D8D89A43-6010-4905-870B-D1861B04DD67}.Debug|Any CPU.ActiveCfg = Debug|Any CPU
		{D8D89A43-6010-4905-870B-D1861B04DD67}.Debug|Any CPU.Build.0 = Debug|Any CPU
		{D8D89A43-6010-4905-870B-D1861B04DD67}.Release|Any CPU.ActiveCfg = Release|Any CPU
		{D8D89A43-6010-4905-870B-D1861B04DD67}.Release|Any CPU.Build.0 = Release|Any CPU
		{9CBBDEBF-89EC-4824-A4B1-8372EC12F631}.Debug|Any CPU.ActiveCfg = Debug|Any CPU
		{9CBBDEBF-89EC-4824-A4B1-8372EC12F631}.Debug|Any CPU.Build.0 = Debug|Any CPU
		{9CBBDEBF-89EC-4824-A4B1-8372EC12F631}.Release|Any CPU.ActiveCfg = Release|Any CPU
		{9CBBDEBF-89EC-4824-A4B1-8372EC12F631}.Release|Any CPU.Build.0 = Release|Any CPU
	EndGlobalSection
	GlobalSection(SolutionProperties) = preSolution
		HideSolutionNode = FALSE
	EndGlobalSection
	GlobalSection(ExtensibilityGlobals) = postSolution
		SolutionGuid = {3DE7C4DC-5061-423E-9A73-5A59888E11DD}
	EndGlobalSection
EndGlobal
